
Microsoft Visual Studio Solution File, Format Version 12.00
# Visual Studio Version 17
VisualStudioVersion = 17.11.35327.3
MinimumVisualStudioVersion = 10.0.40219.1
Project("{FAE04EC0-301F-11D3-BF4B-00C04F79EFBC}") = "ExerciciosEstruturaRepetitivaFor", "ExerciciosEstruturaRepetitivaFor\ExerciciosEstruturaRepetitivaFor.csproj", "{0D011A39-E9C0-4EAE-B2B6-A7A171992EBE}"
EndProject
Global
	GlobalSection(SolutionConfigurationPlatforms) = preSolution
		Debug|Any CPU = Debug|Any CPU
		Release|Any CPU = Release|Any CPU
	EndGlobalSection
	GlobalSection(ProjectConfigurationPlatforms) = postSolution
		{0D011A39-E9C0-4EAE-B2B6-A7A171992EBE}.Debug|Any CPU.ActiveCfg = Debug|Any CPU
		{0D011A39-E9C0-4EAE-B2B6-A7A171992EBE}.Debug|Any CPU.Build.0 = Debug|Any CPU
		{0D011A39-E9C0-4EAE-B2B6-A7A171992EBE}.Release|Any CPU.ActiveCfg = Release|Any CPU
		{0D011A39-E9C0-4EAE-B2B6-A7A171992EBE}.Release|Any CPU.Build.0 = Release|Any CPU
	EndGlobalSection
	GlobalSection(SolutionProperties) = preSolution
		HideSolutionNode = FALSE
	EndGlobalSection
	GlobalSection(ExtensibilityGlobals) = postSolution
		SolutionGuid = {444516B6-C9F3-427E-AA1E-29C9F88B3B82}
	EndGlobalSection
EndGlobal
